
Microsoft Visual Studio Solution File, Format Version 12.00
# Visual Studio Version 17
VisualStudioVersion = 17.9.34701.34
MinimumVisualStudioVersion = 10.0.40219.1
Project("{FAE04EC0-301F-11D3-BF4B-00C04F79EFBC}") = "ToDo", "ToDo.csproj", "{D4626927-BAC8-4338-86C5-F0BB3D29CEB1}"
EndProject
Global
	GlobalSection(SolutionConfigurationPlatforms) = preSolution
		Debug|Any CPU = Debug|Any CPU
		Release|Any CPU = Release|Any CPU
	EndGlobalSection
	GlobalSection(ProjectConfigurationPlatforms) = postSolution
		{D4626927-BAC8-4338-86C5-F0BB3D29CEB1}.Debug|Any CPU.ActiveCfg = Debug|Any CPU
		{D4626927-BAC8-4338-86C5-F0BB3D29CEB1}.Debug|Any CPU.Build.0 = Debug|Any CPU
		{D4626927-BAC8-4338-86C5-F0BB3D29CEB1}.Release|Any CPU.ActiveCfg = Release|Any CPU
		{D4626927-BAC8-4338-86C5-F0BB3D29CEB1}.Release|Any CPU.Build.0 = Release|Any CPU
	EndGlobalSection
	GlobalSection(SolutionProperties) = preSolution
		HideSolutionNode = FALSE
	EndGlobalSection
	GlobalSection(ExtensibilityGlobals) = postSolution
		SolutionGuid = {E3B49BCD-50EF-4E6E-B3AC-E189EAD353E5}
	EndGlobalSection
EndGlobal
